
Microsoft Visual Studio Solution File, Format Version 12.00
# Visual Studio Version 17
VisualStudioVersion = 17.11.35222.181
MinimumVisualStudioVersion = 10.0.40219.1
Project("{FAE04EC0-301F-11D3-BF4B-00C04F79EFBC}") = "Practica_Itinerario4", "Practica_Itinerario4\Practica_Itinerario4.csproj", "{1E71D443-E0F8-4C0F-BB26-DA8EF453ADF6}"
EndProject
Global
	GlobalSection(SolutionConfigurationPlatforms) = preSolution
		Debug|Any CPU = Debug|Any CPU
		Release|Any CPU = Release|Any CPU
	EndGlobalSection
	GlobalSection(ProjectConfigurationPlatforms) = postSolution
		{1E71D443-E0F8-4C0F-BB26-DA8EF453ADF6}.Debug|Any CPU.ActiveCfg = Debug|Any CPU
		{1E71D443-E0F8-4C0F-BB26-DA8EF453ADF6}.Debug|Any CPU.Build.0 = Debug|Any CPU
		{1E71D443-E0F8-4C0F-BB26-DA8EF453ADF6}.Release|Any CPU.ActiveCfg = Release|Any CPU
		{1E71D443-E0F8-4C0F-BB26-DA8EF453ADF6}.Release|Any CPU.Build.0 = Release|Any CPU
	EndGlobalSection
	GlobalSection(SolutionProperties) = preSolution
		HideSolutionNode = FALSE
	EndGlobalSection
	GlobalSection(ExtensibilityGlobals) = postSolution
		SolutionGuid = {09DB4F6A-68FC-45FE-8CB4-5929F86EEA01}
	EndGlobalSection
EndGlobal
